
Microsoft Visual Studio Solution File, Format Version 12.00
# Visual Studio Version 17
VisualStudioVersion = 17.7.34003.232
MinimumVisualStudioVersion = 10.0.40219.1
Project("{9A19103F-16F7-4668-BE54-9A1E7A4F7556}") = "eshop", "eshop\eshop.csproj", "{E4842F17-B5E7-4BF5-ABBF-2F3126107933}"
EndProject
Project("{FAE04EC0-301F-11D3-BF4B-00C04F79EFBC}") = "eshop.API", "eshop.API\eshop.API.csproj", "{859985AE-B8CA-4AC4-9A97-1022C2D3AC5D}"
EndProject
Global
	GlobalSection(SolutionConfigurationPlatforms) = preSolution
		Debug|Any CPU = Debug|Any CPU
		Release|Any CPU = Release|Any CPU
	EndGlobalSection
	GlobalSection(ProjectConfigurationPlatforms) = postSolution
		{E4842F17-B5E7-4BF5-ABBF-2F3126107933}.Debug|Any CPU.ActiveCfg = Debug|Any CPU
		{E4842F17-B5E7-4BF5-ABBF-2F3126107933}.Debug|Any CPU.Build.0 = Debug|Any CPU
		{E4842F17-B5E7-4BF5-ABBF-2F3126107933}.Release|Any CPU.ActiveCfg = Release|Any CPU
		{E4842F17-B5E7-4BF5-ABBF-2F3126107933}.Release|Any CPU.Build.0 = Release|Any CPU
		{859985AE-B8CA-4AC4-9A97-1022C2D3AC5D}.Debug|Any CPU.ActiveCfg = Debug|Any CPU
		{859985AE-B8CA-4AC4-9A97-1022C2D3AC5D}.Debug|Any CPU.Build.0 = Debug|Any CPU
		{859985AE-B8CA-4AC4-9A97-1022C2D3AC5D}.Release|Any CPU.ActiveCfg = Release|Any CPU
		{859985AE-B8CA-4AC4-9A97-1022C2D3AC5D}.Release|Any CPU.Build.0 = Release|Any CPU
	EndGlobalSection
	GlobalSection(SolutionProperties) = preSolution
		HideSolutionNode = FALSE
	EndGlobalSection
	GlobalSection(ExtensibilityGlobals) = postSolution
		SolutionGuid = {23EF01E3-3CF3-494B-AF1C-78287CCD51C8}
	EndGlobalSection
EndGlobal
